
Microsoft Visual Studio Solution File, Format Version 12.00
# Visual Studio Version 16
VisualStudioVersion = 16.0.31515.178
MinimumVisualStudioVersion = 10.0.40219.1
Project("{FAE04EC0-301F-11D3-BF4B-00C04F79EFBC}") = "Application", "Application\Application.csproj", "{C4BEACDE-19E5-4AFF-8748-6447FF2992BE}"
EndProject
Global
	GlobalSection(SolutionConfigurationPlatforms) = preSolution
		Debug|Any CPU = Debug|Any CPU
		Release|Any CPU = Release|Any CPU
	EndGlobalSection
	GlobalSection(ProjectConfigurationPlatforms) = postSolution
		{C4BEACDE-19E5-4AFF-8748-6447FF2992BE}.Debug|Any CPU.ActiveCfg = Debug|Any CPU
		{C4BEACDE-19E5-4AFF-8748-6447FF2992BE}.Debug|Any CPU.Build.0 = Debug|Any CPU
		{C4BEACDE-19E5-4AFF-8748-6447FF2992BE}.Release|Any CPU.ActiveCfg = Release|Any CPU
		{C4BEACDE-19E5-4AFF-8748-6447FF2992BE}.Release|Any CPU.Build.0 = Release|Any CPU
	EndGlobalSection
	GlobalSection(SolutionProperties) = preSolution
		HideSolutionNode = FALSE
	EndGlobalSection
	GlobalSection(ExtensibilityGlobals) = postSolution
		SolutionGuid = {B8EF142B-7260-432E-8637-2F1C9DDFFDC8}
	EndGlobalSection
EndGlobal
