
Microsoft Visual Studio Solution File, Format Version 12.00
# Visual Studio Version 16
VisualStudioVersion = 16.0.31515.178
MinimumVisualStudioVersion = 10.0.40219.1
Project("{FAE04EC0-301F-11D3-BF4B-00C04F79EFBC}") = "Session 05", "Session 05\Session 05.csproj", "{CD0778BD-5658-4F37-A47B-9B71B8C142CA}"
EndProject
Global
	GlobalSection(SolutionConfigurationPlatforms) = preSolution
		Debug|Any CPU = Debug|Any CPU
		Release|Any CPU = Release|Any CPU
	EndGlobalSection
	GlobalSection(ProjectConfigurationPlatforms) = postSolution
		{CD0778BD-5658-4F37-A47B-9B71B8C142CA}.Debug|Any CPU.ActiveCfg = Debug|Any CPU
		{CD0778BD-5658-4F37-A47B-9B71B8C142CA}.Debug|Any CPU.Build.0 = Debug|Any CPU
		{CD0778BD-5658-4F37-A47B-9B71B8C142CA}.Release|Any CPU.ActiveCfg = Release|Any CPU
		{CD0778BD-5658-4F37-A47B-9B71B8C142CA}.Release|Any CPU.Build.0 = Release|Any CPU
	EndGlobalSection
	GlobalSection(SolutionProperties) = preSolution
		HideSolutionNode = FALSE
	EndGlobalSection
	GlobalSection(ExtensibilityGlobals) = postSolution
		SolutionGuid = {293D6B07-8E49-4FD0-9197-938E0D0F6996}
	EndGlobalSection
EndGlobal
