
Microsoft Visual Studio Solution File, Format Version 12.00
# Visual Studio Version 16
VisualStudioVersion = 16.0.31515.178
MinimumVisualStudioVersion = 10.0.40219.1
Project("{FAE04EC0-301F-11D3-BF4B-00C04F79EFBC}") = "ConsoleApp1", "ConsoleApp1\ConsoleApp1.csproj", "{FFF8D6ED-E177-4D71-8BCE-82696E512896}"
EndProject
Global
	GlobalSection(SolutionConfigurationPlatforms) = preSolution
		Debug|Any CPU = Debug|Any CPU
		Release|Any CPU = Release|Any CPU
	EndGlobalSection
	GlobalSection(ProjectConfigurationPlatforms) = postSolution
		{FFF8D6ED-E177-4D71-8BCE-82696E512896}.Debug|Any CPU.ActiveCfg = Debug|Any CPU
		{FFF8D6ED-E177-4D71-8BCE-82696E512896}.Debug|Any CPU.Build.0 = Debug|Any CPU
		{FFF8D6ED-E177-4D71-8BCE-82696E512896}.Release|Any CPU.ActiveCfg = Release|Any CPU
		{FFF8D6ED-E177-4D71-8BCE-82696E512896}.Release|Any CPU.Build.0 = Release|Any CPU
	EndGlobalSection
	GlobalSection(SolutionProperties) = preSolution
		HideSolutionNode = FALSE
	EndGlobalSection
	GlobalSection(ExtensibilityGlobals) = postSolution
		SolutionGuid = {114F95BA-EAE9-4DE1-B73E-A0EA31AF15C0}
	EndGlobalSection
EndGlobal
