
Microsoft Visual Studio Solution File, Format Version 12.00
# Visual Studio Version 16
VisualStudioVersion = 16.0.31515.178
MinimumVisualStudioVersion = 10.0.40219.1
Project("{FAE04EC0-301F-11D3-BF4B-00C04F79EFBC}") = "ExHandling2", "ExHandling2\ExHandling2.csproj", "{4CA9AAFD-0552-402E-A8A7-25644E6735F9}"
EndProject
Global
	GlobalSection(SolutionConfigurationPlatforms) = preSolution
		Debug|Any CPU = Debug|Any CPU
		Release|Any CPU = Release|Any CPU
	EndGlobalSection
	GlobalSection(ProjectConfigurationPlatforms) = postSolution
		{4CA9AAFD-0552-402E-A8A7-25644E6735F9}.Debug|Any CPU.ActiveCfg = Debug|Any CPU
		{4CA9AAFD-0552-402E-A8A7-25644E6735F9}.Debug|Any CPU.Build.0 = Debug|Any CPU
		{4CA9AAFD-0552-402E-A8A7-25644E6735F9}.Release|Any CPU.ActiveCfg = Release|Any CPU
		{4CA9AAFD-0552-402E-A8A7-25644E6735F9}.Release|Any CPU.Build.0 = Release|Any CPU
	EndGlobalSection
	GlobalSection(SolutionProperties) = preSolution
		HideSolutionNode = FALSE
	EndGlobalSection
	GlobalSection(ExtensibilityGlobals) = postSolution
		SolutionGuid = {5C9968FF-9056-4807-8F93-6DF5622BEBC1}
	EndGlobalSection
EndGlobal
